
Microsoft Visual Studio Solution File, Format Version 12.00
# Visual Studio Version 17
VisualStudioVersion = 17.9.34622.214
MinimumVisualStudioVersion = 10.0.40219.1
Project("{FAE04EC0-301F-11D3-BF4B-00C04F79EFBC}") = "veresiye_takip_1", "veresiye_takip_1\veresiye_takip_1.csproj", "{9B990A34-6821-4019-AA7D-BB399E3B140B}"
EndProject
Global
	GlobalSection(SolutionConfigurationPlatforms) = preSolution
		Debug|Any CPU = Debug|Any CPU
		Release|Any CPU = Release|Any CPU
	EndGlobalSection
	GlobalSection(ProjectConfigurationPlatforms) = postSolution
		{9B990A34-6821-4019-AA7D-BB399E3B140B}.Debug|Any CPU.ActiveCfg = Debug|Any CPU
		{9B990A34-6821-4019-AA7D-BB399E3B140B}.Debug|Any CPU.Build.0 = Debug|Any CPU
		{9B990A34-6821-4019-AA7D-BB399E3B140B}.Release|Any CPU.ActiveCfg = Release|Any CPU
		{9B990A34-6821-4019-AA7D-BB399E3B140B}.Release|Any CPU.Build.0 = Release|Any CPU
	EndGlobalSection
	GlobalSection(SolutionProperties) = preSolution
		HideSolutionNode = FALSE
	EndGlobalSection
	GlobalSection(ExtensibilityGlobals) = postSolution
		SolutionGuid = {C639B9D1-5269-4EE2-8E7A-50C71611F19F}
	EndGlobalSection
EndGlobal
